
Microsoft Visual Studio Solution File, Format Version 12.00
# Visual Studio Version 17
VisualStudioVersion = 17.7.34202.233
MinimumVisualStudioVersion = 10.0.40219.1
Project("{FAE04EC0-301F-11D3-BF4B-00C04F79EFBC}") = "Api", "Api\Api.csproj", "{CA4CE3ED-1834-4A32-834C-3C356C98B1A1}"
EndProject
Global
	GlobalSection(SolutionConfigurationPlatforms) = preSolution
		Debug|Any CPU = Debug|Any CPU
		Release|Any CPU = Release|Any CPU
	EndGlobalSection
	GlobalSection(ProjectConfigurationPlatforms) = postSolution
		{CA4CE3ED-1834-4A32-834C-3C356C98B1A1}.Debug|Any CPU.ActiveCfg = Debug|Any CPU
		{CA4CE3ED-1834-4A32-834C-3C356C98B1A1}.Debug|Any CPU.Build.0 = Debug|Any CPU
		{CA4CE3ED-1834-4A32-834C-3C356C98B1A1}.Release|Any CPU.ActiveCfg = Release|Any CPU
		{CA4CE3ED-1834-4A32-834C-3C356C98B1A1}.Release|Any CPU.Build.0 = Release|Any CPU
	EndGlobalSection
	GlobalSection(SolutionProperties) = preSolution
		HideSolutionNode = FALSE
	EndGlobalSection
	GlobalSection(ExtensibilityGlobals) = postSolution
		SolutionGuid = {62E26FF3-092A-4753-BD9F-6B26155DABAC}
	EndGlobalSection
EndGlobal
