
Microsoft Visual Studio Solution File, Format Version 12.00
# Visual Studio Version 17
VisualStudioVersion = 17.7.34202.233
MinimumVisualStudioVersion = 10.0.40219.1
Project("{9A19103F-16F7-4668-BE54-9A1E7A4F7556}") = "Api", "Api\Api.csproj", "{CA4CE3ED-1834-4A32-834C-3C356C98B1A1}"
EndProject
Project("{9A19103F-16F7-4668-BE54-9A1E7A4F7556}") = "ExpenseTracker.Domain", "ExpenseTracker.Domain\ExpenseTracker.Domain.csproj", "{EF9E0B00-31D1-4802-8AE3-CB8471816A8D}"
EndProject
Project("{FAE04EC0-301F-11D3-BF4B-00C04F79EFBC}") = "ExpenseTracker.Application", "ExpenseTracker.Application\ExpenseTracker.Application.csproj", "{33C0A2BE-2361-42B3-904A-53B1604E818D}"
EndProject
Global
	GlobalSection(SolutionConfigurationPlatforms) = preSolution
		Debug|Any CPU = Debug|Any CPU
		Release|Any CPU = Release|Any CPU
	EndGlobalSection
	GlobalSection(ProjectConfigurationPlatforms) = postSolution
		{CA4CE3ED-1834-4A32-834C-3C356C98B1A1}.Debug|Any CPU.ActiveCfg = Debug|Any CPU
		{CA4CE3ED-1834-4A32-834C-3C356C98B1A1}.Debug|Any CPU.Build.0 = Debug|Any CPU
		{CA4CE3ED-1834-4A32-834C-3C356C98B1A1}.Release|Any CPU.ActiveCfg = Release|Any CPU
		{CA4CE3ED-1834-4A32-834C-3C356C98B1A1}.Release|Any CPU.Build.0 = Release|Any CPU
		{EF9E0B00-31D1-4802-8AE3-CB8471816A8D}.Debug|Any CPU.ActiveCfg = Debug|Any CPU
		{EF9E0B00-31D1-4802-8AE3-CB8471816A8D}.Debug|Any CPU.Build.0 = Debug|Any CPU
		{EF9E0B00-31D1-4802-8AE3-CB8471816A8D}.Release|Any CPU.ActiveCfg = Release|Any CPU
		{EF9E0B00-31D1-4802-8AE3-CB8471816A8D}.Release|Any CPU.Build.0 = Release|Any CPU
		{33C0A2BE-2361-42B3-904A-53B1604E818D}.Debug|Any CPU.ActiveCfg = Debug|Any CPU
		{33C0A2BE-2361-42B3-904A-53B1604E818D}.Debug|Any CPU.Build.0 = Debug|Any CPU
		{33C0A2BE-2361-42B3-904A-53B1604E818D}.Release|Any CPU.ActiveCfg = Release|Any CPU
		{33C0A2BE-2361-42B3-904A-53B1604E818D}.Release|Any CPU.Build.0 = Release|Any CPU
	EndGlobalSection
	GlobalSection(SolutionProperties) = preSolution
		HideSolutionNode = FALSE
	EndGlobalSection
	GlobalSection(ExtensibilityGlobals) = postSolution
		SolutionGuid = {62E26FF3-092A-4753-BD9F-6B26155DABAC}
	EndGlobalSection
EndGlobal
